PODS:
  - ALCameraViewController (1.2.7)
  - Sharaku (1.0.2)

DEPENDENCIES:
  - ALCameraViewController
  - Sharaku

SPEC CHECKSUMS:
  ALCameraViewController: 4a513b8d5ecfdb3f34c50b1d469c373aae1ec7b4
  Sharaku: c18de569fc99f6e936f46ca812b571826cc658a7

PODFILE CHECKSUM: e7e7a0bd144e2b2062a0e160aef0c275dc61f1e9

COCOAPODS: 1.1.1
