// !$*UTF8*$!
{
	archiveVersion = 1;
	classes = {
	};
	objectVersion = 46;
	objects = {

/* Begin PBXBuildFile section */
		843162A01E39F7A6002D7EF3 /* LoginViewController.swift in Sources */ = {isa = PBXBuildFile; fileRef = 8431629F1E39F7A6002D7EF3 /* LoginViewController.swift */; };
		84F1090E1E35C48A00DB28B4 /* AppDelegate.swift in Sources */ = {isa = PBXBuildFile; fileRef = 84F1090D1E35C48A00DB28B4 /* AppDelegate.swift */; };
		84F109101E35C48A00DB28B4 /* IntroViewController.swift in Sources */ = {isa = PBXBuildFile; fileRef = 84F1090F1E35C48A00DB28B4 /* IntroViewController.swift */; };
		84F109131E35C49100DB28B4 /* Main.storyboard in Resources */ = {isa = PBXBuildFile; fileRef = 84F109111E35C49100DB28B4 /* Main.storyboard */; };
		84F109151E35C49100DB28B4 /* Assets.xcassets in Resources */ = {isa = PBXBuildFile; fileRef = 84F109141E35C49100DB28B4 /* Assets.xcassets */; };
		84F109181E35C49100DB28B4 /* LaunchScreen.storyboard in Resources */ = {isa = PBXBuildFile; fileRef = 84F109161E35C49100DB28B4 /* LaunchScreen.storyboard */; };
		B15D97888E873476BA538E1B /* Pods_Watermarx.framework in Frameworks */ = {isa = PBXBuildFile; fileRef = D3B6421C6A4FCD0C5C91890F /* Pods_Watermarx.framework */; };
/* End PBXBuildFile section */

/* Begin PBXFileReference section */
		299057E258B23C29E1364199 /* Pods-Watermarx.release.xcconfig */ = {isa = PBXFileReference; includeInIndex = 1; lastKnownFileType = text.xcconfig; name = "Pods-Watermarx.release.xcconfig"; path = "Pods/Target Support Files/Pods-Watermarx/Pods-Watermarx.release.xcconfig"; sourceTree = "<group>"; };
		8431629F1E39F7A6002D7EF3 /* LoginViewController.swift */ = {isa = PBXFileReference; fileEncoding = 4; lastKnownFileType = sourcecode.swift; name = LoginViewController.swift; path = Login/LoginViewController.swift; sourceTree = "<group>"; };
		84F1090A1E35C48A00DB28B4 /* Watermarx.app */ = {isa = PBXFileReference; explicitFileType = wrapper.application; includeInIndex = 0; path = Watermarx.app; sourceTree = BUILT_PRODUCTS_DIR; };
		84F1090D1E35C48A00DB28B4 /* AppDelegate.swift */ = {isa = PBXFileReference; lastKnownFileType = sourcecode.swift; path = AppDelegate.swift; sourceTree = "<group>"; };
		84F1090F1E35C48A00DB28B4 /* IntroViewController.swift */ = {isa = PBXFileReference; lastKnownFileType = sourcecode.swift; path = IntroViewController.swift; sourceTree = "<group>"; };
		84F109121E35C49100DB28B4 /* Base */ = {isa = PBXFileReference; lastKnownFileType = file.storyboard; name = Base; path = Base.lproj/Main.storyboard; sourceTree = "<group>"; };
		84F109141E35C49100DB28B4 /* Assets.xcassets */ = {isa = PBXFileReference; lastKnownFileType = folder.assetcatalog; path = Assets.xcassets; sourceTree = "<group>"; };
		84F109171E35C49100DB28B4 /* Base */ = {isa = PBXFileReference; lastKnownFileType = file.storyboard; name = Base; path = Base.lproj/LaunchScreen.storyboard; sourceTree = "<group>"; };
		84F109191E35C49100DB28B4 /* Info.plist */ = {isa = PBXFileReference; lastKnownFileType = text.plist.xml; path = Info.plist; sourceTree = "<group>"; };
		AD41D7ADD6CA0781BAD2B817 /* Pods-Watermarx.debug.xcconfig */ = {isa = PBXFileReference; includeInIndex = 1; lastKnownFileType = text.xcconfig; name = "Pods-Watermarx.debug.xcconfig"; path = "Pods/Target Support Files/Pods-Watermarx/Pods-Watermarx.debug.xcconfig"; sourceTree = "<group>"; };
		D3B6421C6A4FCD0C5C91890F /* Pods_Watermarx.framework */ = {isa = PBXFileReference; explicitFileType = wrapper.framework; includeInIndex = 0; path = Pods_Watermarx.framework; sourceTree = BUILT_PRODUCTS_DIR; };
/* End PBXFileReference section */

/* Begin PBXFrameworksBuildPhase section */
		84F109071E35C48A00DB28B4 /* Frameworks */ = {
			isa = PBXFrameworksBuildPhase;
			buildActionMask = 2147483647;
			files = (
				B15D97888E873476BA538E1B /* Pods_Watermarx.framework in Frameworks */,
			);
			runOnlyForDeploymentPostprocessing = 0;
		};
/* End PBXFrameworksBuildPhase section */

/* Begin PBXGroup section */
		0B9AFD3276F6B94B573D46CD /* Frameworks */ = {
			isa = PBXGroup;
			children = (
				D3B6421C6A4FCD0C5C91890F /* Pods_Watermarx.framework */,
			);
			name = Frameworks;
			sourceTree = "<group>";
		};
		5AD7DD999720A5E903128E74 /* Pods */ = {
			isa = PBXGroup;
			children = (
				AD41D7ADD6CA0781BAD2B817 /* Pods-Watermarx.debug.xcconfig */,
				299057E258B23C29E1364199 /* Pods-Watermarx.release.xcconfig */,
			);
			name = Pods;
			sourceTree = "<group>";
		};
		8431629E1E39F78A002D7EF3 /* Login */ = {
			isa = PBXGroup;
			children = (
				8431629F1E39F7A6002D7EF3 /* LoginViewController.swift */,
			);
			name = Login;
			sourceTree = "<group>";
		};
		84BA17121E35C85D00063BEF /* Misc */ = {
			isa = PBXGroup;
			children = (
				84F1090D1E35C48A00DB28B4 /* AppDelegate.swift */,
				84F109191E35C49100DB28B4 /* Info.plist */,
				84F109161E35C49100DB28B4 /* LaunchScreen.storyboard */,
			);
			path = Misc;
			sourceTree = "<group>";
		};
		84BA17131E35C89A00063BEF /* Intro */ = {
			isa = PBXGroup;
			children = (
				84F1090F1E35C48A00DB28B4 /* IntroViewController.swift */,
			);
			path = Intro;
			sourceTree = "<group>";
		};
		84F109011E35C48A00DB28B4 = {
			isa = PBXGroup;
			children = (
				0B9AFD3276F6B94B573D46CD /* Frameworks */,
				5AD7DD999720A5E903128E74 /* Pods */,
				84F1090B1E35C48A00DB28B4 /* Products */,
				84F1090C1E35C48A00DB28B4 /* Watermarx */,
			);
			sourceTree = "<group>";
		};
		84F1090B1E35C48A00DB28B4 /* Products */ = {
			isa = PBXGroup;
			children = (
				84F1090A1E35C48A00DB28B4 /* Watermarx.app */,
			);
			name = Products;
			sourceTree = "<group>";
		};
		84F1090C1E35C48A00DB28B4 /* Watermarx */ = {
			isa = PBXGroup;
			children = (
				8431629E1E39F78A002D7EF3 /* Login */,
				84BA17131E35C89A00063BEF /* Intro */,
				84BA17121E35C85D00063BEF /* Misc */,
				84F109141E35C49100DB28B4 /* Assets.xcassets */,
				84F109111E35C49100DB28B4 /* Main.storyboard */,
			);
			path = Watermarx;
			sourceTree = "<group>";
		};
/* End PBXGroup section */

/* Begin PBXNativeTarget section */
		84F109091E35C48A00DB28B4 /* Watermarx */ = {
			isa = PBXNativeTarget;
			buildConfigurationList = 84F1091C1E35C49100DB28B4 /* Build configuration list for PBXNativeTarget "Watermarx" */;
			buildPhases = (
				F701ADCDCF5E210A7304C0A7 /* [CP] Check Pods Manifest.lock */,
				84F109061E35C48A00DB28B4 /* Sources */,
				84F109071E35C48A00DB28B4 /* Frameworks */,
				84F109081E35C48A00DB28B4 /* Resources */,
				1F34E0A223D800F73A7F6659 /* [CP] Embed Pods Frameworks */,
				A1288D9F1023D2B138867C73 /* [CP] Copy Pods Resources */,
			);
			buildRules = (
			);
			dependencies = (
			);
			name = Watermarx;
			productName = Watermarx;
			productReference = 84F1090A1E35C48A00DB28B4 /* Watermarx.app */;
			productType = "com.apple.product-type.application";
		};
/* End PBXNativeTarget section */

/* Begin PBXProject section */
		84F109021E35C48A00DB28B4 /* Project object */ = {
			isa = PBXProject;
			attributes = {
				LastSwiftUpdateCheck = 0820;
				LastUpgradeCheck = 0820;
				ORGANIZATIONNAME = Logiworks;
				TargetAttributes = {
					84F109091E35C48A00DB28B4 = {
						CreatedOnToolsVersion = 8.2.1;
						DevelopmentTeam = CYHAB4D9WS;
						ProvisioningStyle = Automatic;
					};
				};
			};
			buildConfigurationList = 84F109051E35C48A00DB28B4 /* Build configuration list for PBXProject "Watermarx" */;
			compatibilityVersion = "Xcode 3.2";
			developmentRegion = English;
			hasScannedForEncodings = 0;
			knownRegions = (
				en,
				Base,
			);
			mainGroup = 84F109011E35C48A00DB28B4;
			productRefGroup = 84F1090B1E35C48A00DB28B4 /* Products */;
			projectDirPath = "";
			projectRoot = "";
			targets = (
				84F109091E35C48A00DB28B4 /* Watermarx */,
			);
		};
/* End PBXProject section */

/* Begin PBXResourcesBuildPhase section */
		84F109081E35C48A00DB28B4 /* Resources */ = {
			isa = PBXResourcesBuildPhase;
			buildActionMask = 2147483647;
			files = (
				84F109181E35C49100DB28B4 /* LaunchScreen.storyboard in Resources */,
				84F109151E35C49100DB28B4 /* Assets.xcassets in Resources */,
				84F109131E35C49100DB28B4 /* Main.storyboard in Resources */,
			);
			runOnlyForDeploymentPostprocessing = 0;
		};
/* End PBXResourcesBuildPhase section */

/* Begin PBXShellScriptBuildPhase section */
		1F34E0A223D800F73A7F6659 /* [CP] Embed Pods Frameworks */ = {
			isa = PBXShellScriptBuildPhase;
			buildActionMask = 2147483647;
			files = (
			);
			inputPaths = (
			);
			name = "[CP] Embed Pods Frameworks";
			outputPaths = (
			);
			runOnlyForDeploymentPostprocessing = 0;
			shellPath = /bin/sh;
			shellScript = "\"${SRCROOT}/Pods/Target Support Files/Pods-Watermarx/Pods-Watermarx-frameworks.sh\"\n";
			showEnvVarsInLog = 0;
		};
		A1288D9F1023D2B138867C73 /* [CP] Copy Pods Resources */ = {
			isa = PBXShellScriptBuildPhase;
			buildActionMask = 2147483647;
			files = (
			);
			inputPaths = (
			);
			name = "[CP] Copy Pods Resources";
			outputPaths = (
			);
			runOnlyForDeploymentPostprocessing = 0;
			shellPath = /bin/sh;
			shellScript = "\"${SRCROOT}/Pods/Target Support Files/Pods-Watermarx/Pods-Watermarx-resources.sh\"\n";
			showEnvVarsInLog = 0;
		};
		F701ADCDCF5E210A7304C0A7 /* [CP] Check Pods Manifest.lock */ = {
			isa = PBXShellScriptBuildPhase;
			buildActionMask = 2147483647;
			files = (
			);
			inputPaths = (
			);
			name = "[CP] Check Pods Manifest.lock";
			outputPaths = (
			);
			runOnlyForDeploymentPostprocessing = 0;
			shellPath = /bin/sh;
			shellScript = "diff \"${PODS_ROOT}/../Podfile.lock\" \"${PODS_ROOT}/Manifest.lock\" > /dev/null\nif [ $? != 0 ] ; then\n    # print error to STDERR\n    echo \"error: The sandbox is not in sync with the Podfile.lock. Run 'pod install' or update your CocoaPods installation.\" >&2\n    exit 1\nfi\n";
			showEnvVarsInLog = 0;
		};
/* End PBXShellScriptBuildPhase section */

/* Begin PBXSourcesBuildPhase section */
		84F109061E35C48A00DB28B4 /* Sources */ = {
			isa = PBXSourcesBuildPhase;
			buildActionMask = 2147483647;
			files = (
				843162A01E39F7A6002D7EF3 /* LoginViewController.swift in Sources */,
				84F109101E35C48A00DB28B4 /* IntroViewController.swift in Sources */,
				84F1090E1E35C48A00DB28B4 /* AppDelegate.swift in Sources */,
			);
			runOnlyForDeploymentPostprocessing = 0;
		};
/* End PBXSourcesBuildPhase section */

/* Begin PBXVariantGroup section */
		84F109111E35C49100DB28B4 /* Main.storyboard */ = {
			isa = PBXVariantGroup;
			children = (
				84F109121E35C49100DB28B4 /* Base */,
			);
			name = Main.storyboard;
			path = .;
			sourceTree = "<group>";
		};
		84F109161E35C49100DB28B4 /* LaunchScreen.storyboard */ = {
			isa = PBXVariantGroup;
			children = (
				84F109171E35C49100DB28B4 /* Base */,
			);
			name = LaunchScreen.storyboard;
			path = .;
			sourceTree = "<group>";
		};
/* End PBXVariantGroup section */

/* Begin XCBuildConfiguration section */
		84F1091A1E35C49100DB28B4 /* Debug */ = {
			isa = XCBuildConfiguration;
			buildSettings = {
				ALWAYS_SEARCH_USER_PATHS = NO;
				CLANG_ANALYZER_NONNULL = YES;
				CLANG_CXX_LANGUAGE_STANDARD = "gnu++0x";
				CLANG_CXX_LIBRARY = "libc++";
				CLANG_ENABLE_MODULES = YES;
				CLANG_ENABLE_OBJC_ARC = YES;
				CLANG_WARN_BOOL_CONVERSION = YES;
				CLANG_WARN_CONSTANT_CONVERSION = YES;
				CLANG_WARN_DIRECT_OBJC_ISA_USAGE = YES_ERROR;
				CLANG_WARN_DOCUMENTATION_COMMENTS = YES;
				CLANG_WARN_EMPTY_BODY = YES;
				CLANG_WARN_ENUM_CONVERSION = YES;
				CLANG_WARN_INFINITE_RECURSION = YES;
				CLANG_WARN_INT_CONVERSION = YES;
				CLANG_WARN_OBJC_ROOT_CLASS = YES_ERROR;
				CLANG_WARN_SUSPICIOUS_MOVE = YES;
				CLANG_WARN_UNREACHABLE_CODE = YES;
				CLANG_WARN__DUPLICATE_METHOD_MATCH = YES;
				"CODE_SIGN_IDENTITY[sdk=iphoneos*]" = "iPhone Developer";
				COPY_PHASE_STRIP = NO;
				DEBUG_INFORMATION_FORMAT = dwarf;
				ENABLE_STRICT_OBJC_MSGSEND = YES;
				ENABLE_TESTABILITY = YES;
				GCC_C_LANGUAGE_STANDARD = gnu99;
				GCC_DYNAMIC_NO_PIC = NO;
				GCC_NO_COMMON_BLOCKS = YES;
				GCC_OPTIMIZATION_LEVEL = 0;
				GCC_PREPROCESSOR_DEFINITIONS = (
					"DEBUG=1",
					"$(inherited)",
				);
				GCC_WARN_64_TO_32_BIT_CONVERSION = YES;
				GCC_WARN_ABOUT_RETURN_TYPE = YES_ERROR;
				GCC_WARN_UNDECLARED_SELECTOR = YES;
				GCC_WARN_UNINITIALIZED_AUTOS = YES_AGGRESSIVE;
				GCC_WARN_UNUSED_FUNCTION = YES;
				GCC_WARN_UNUSED_VARIABLE = YES;
				IPHONEOS_DEPLOYMENT_TARGET = 10.2;
				MTL_ENABLE_DEBUG_INFO = YES;
				ONLY_ACTIVE_ARCH = YES;
				SDKROOT = iphoneos;
				SWIFT_ACTIVE_COMPILATION_CONDITIONS = DEBUG;
				SWIFT_OPTIMIZATION_LEVEL = "-Onone";
				TARGETED_DEVICE_FAMILY = "1,2";
			};
			name = Debug;
		};
		84F1091B1E35C49100DB28B4 /* Release */ = {
			isa = XCBuildConfiguration;
			buildSettings = {
				ALWAYS_SEARCH_USER_PATHS = NO;
				CLANG_ANALYZER_NONNULL = YES;
				CLANG_CXX_LANGUAGE_STANDARD = "gnu++0x";
				CLANG_CXX_LIBRARY = "libc++";
				CLANG_ENABLE_MODULES = YES;
				CLANG_ENABLE_OBJC_ARC = YES;
				CLANG_WARN_BOOL_CONVERSION = YES;
				CLANG_WARN_CONSTANT_CONVERSION = YES;
				CLANG_WARN_DIRECT_OBJC_ISA_USAGE = YES_ERROR;
				CLANG_WARN_DOCUMENTATION_COMMENTS = YES;
				CLANG_WARN_EMPTY_BODY = YES;
				CLANG_WARN_ENUM_CONVERSION = YES;
				CLANG_WARN_INFINITE_RECURSION = YES;
				CLANG_WARN_INT_CONVERSION = YES;
				CLANG_WARN_OBJC_ROOT_CLASS = YES_ERROR;
				CLANG_WARN_SUSPICIOUS_MOVE = YES;
				CLANG_WARN_UNREACHABLE_CODE = YES;
				CLANG_WARN__DUPLICATE_METHOD_MATCH = YES;
				"CODE_SIGN_IDENTITY[sdk=iphoneos*]" = "iPhone Developer";
				COPY_PHASE_STRIP = NO;
				DEBUG_INFORMATION_FORMAT = "dwarf-with-dsym";
				ENABLE_NS_ASSERTIONS = NO;
				ENABLE_STRICT_OBJC_MSGSEND = YES;
				GCC_C_LANGUAGE_STANDARD = gnu99;
				GCC_NO_COMMON_BLOCKS = YES;
				GCC_WARN_64_TO_32_BIT_CONVERSION = YES;
				GCC_WARN_ABOUT_RETURN_TYPE = YES_ERROR;
				GCC_WARN_UNDECLARED_SELECTOR = YES;
				GCC_WARN_UNINITIALIZED_AUTOS = YES_AGGRESSIVE;
				GCC_WARN_UNUSED_FUNCTION = YES;
				GCC_WARN_UNUSED_VARIABLE = YES;
				IPHONEOS_DEPLOYMENT_TARGET = 10.2;
				MTL_ENABLE_DEBUG_INFO = NO;
				SDKROOT = iphoneos;
				SWIFT_OPTIMIZATION_LEVEL = "-Owholemodule";
				TARGETED_DEVICE_FAMILY = "1,2";
				VALIDATE_PRODUCT = YES;
			};
			name = Release;
		};
		84F1091D1E35C49100DB28B4 /* Debug */ = {
			isa = XCBuildConfiguration;
			baseConfigurationReference = AD41D7ADD6CA0781BAD2B817 /* Pods-Watermarx.debug.xcconfig */;
			buildSettings = {
				ASSETCATALOG_COMPILER_APPICON_NAME = AppIcon;
				DEVELOPMENT_TEAM = CYHAB4D9WS;
				INFOPLIST_FILE = "$(SRCROOT)/Watermarx/Misc/Info.plist";
				IPHONEOS_DEPLOYMENT_TARGET = 9.0;
				LD_RUNPATH_SEARCH_PATHS = "$(inherited) @executable_path/Frameworks";
				PRODUCT_BUNDLE_IDENTIFIER = io.logiworks.watermarx;
				PRODUCT_NAME = "$(TARGET_NAME)";
				SWIFT_VERSION = 3.0;
			};
			name = Debug;
		};
		84F1091E1E35C49100DB28B4 /* Release */ = {
			isa = XCBuildConfiguration;
			baseConfigurationReference = 299057E258B23C29E1364199 /* Pods-Watermarx.release.xcconfig */;
			buildSettings = {
				ASSETCATALOG_COMPILER_APPICON_NAME = AppIcon;
				DEVELOPMENT_TEAM = CYHAB4D9WS;
				INFOPLIST_FILE = "$(SRCROOT)/Watermarx/Misc/Info.plist";
				IPHONEOS_DEPLOYMENT_TARGET = 9.0;
				LD_RUNPATH_SEARCH_PATHS = "$(inherited) @executable_path/Frameworks";
				PRODUCT_BUNDLE_IDENTIFIER = io.logiworks.watermarx;
				PRODUCT_NAME = "$(TARGET_NAME)";
				SWIFT_VERSION = 3.0;
			};
			name = Release;
		};
/* End XCBuildConfiguration section */

/* Begin XCConfigurationList section */
		84F109051E35C48A00DB28B4 /* Build configuration list for PBXProject "Watermarx" */ = {
			isa = XCConfigurationList;
			buildConfigurations = (
				84F1091A1E35C49100DB28B4 /* Debug */,
				84F1091B1E35C49100DB28B4 /* Release */,
			);
			defaultConfigurationIsVisible = 0;
			defaultConfigurationName = Release;
		};
		84F1091C1E35C49100DB28B4 /* Build configuration list for PBXNativeTarget "Watermarx" */ = {
			isa = XCConfigurationList;
			buildConfigurations = (
				84F1091D1E35C49100DB28B4 /* Debug */,
				84F1091E1E35C49100DB28B4 /* Release */,
			);
			defaultConfigurationIsVisible = 0;
			defaultConfigurationName = Release;
		};
/* End XCConfigurationList section */
	};
	rootObject = 84F109021E35C48A00DB28B4 /* Project object */;
}
